
Microsoft Visual Studio Solution File, Format Version 12.00
# Visual Studio Version 17
VisualStudioVersion = 17.5.002.0
MinimumVisualStudioVersion = 10.0.40219.1
Project("{9A19103F-16F7-4668-BE54-9A1E7A4F7556}") = "CompanyEmployees", "CompanyEmployees\CompanyEmployees.csproj", "{10644C4B-0049-4460-B68E-EBB6B5816EFC}"
EndProject
Project("{FAE04EC0-301F-11D3-BF4B-00C04F79EFBC}") = "Contracts", "Contracts\Contracts.csproj", "{44B46B69-99C7-4843-9E08-A56BBF786548}"
EndProject
Project("{FAE04EC0-301F-11D3-BF4B-00C04F79EFBC}") = "LoggerService", "LoggerService\LoggerService.csproj", "{F092BBBB-2210-4CA1-A646-21ABD69271A6}"
EndProject
Project("{FAE04EC0-301F-11D3-BF4B-00C04F79EFBC}") = "Entities", "Entities\Entities.csproj", "{6A83BFEB-170D-444A-95BE-A32C15E8A8FC}"
EndProject
Project("{FAE04EC0-301F-11D3-BF4B-00C04F79EFBC}") = "Repository", "Repository\Repository.csproj", "{A12EE6C2-52F4-4A45-8FC4-836E30067E9E}"
EndProject
Project("{FAE04EC0-301F-11D3-BF4B-00C04F79EFBC}") = "Service.Contracts", "Service.Contracts\Service.Contracts.csproj", "{F50A64DB-0DBD-4E64-880A-CB51B5C33AB7}"
EndProject
Project("{FAE04EC0-301F-11D3-BF4B-00C04F79EFBC}") = "Service", "Service\Service.csproj", "{89EA7AA4-5298-4F8D-BB08-CD737A9A52B6}"
EndProject
Project("{FAE04EC0-301F-11D3-BF4B-00C04F79EFBC}") = "CompanyEmployees.Presentation", "CompanyEmployees.Presentation\CompanyEmployees.Presentation.csproj", "{E14583F2-9538-4447-9777-E0D942A04153}"
EndProject
Global
	GlobalSection(SolutionConfigurationPlatforms) = preSolution
		Debug|Any CPU = Debug|Any CPU
		Release|Any CPU = Release|Any CPU
	EndGlobalSection
	GlobalSection(ProjectConfigurationPlatforms) = postSolution
		{10644C4B-0049-4460-B68E-EBB6B5816EFC}.Debug|Any CPU.ActiveCfg = Debug|Any CPU
		{10644C4B-0049-4460-B68E-EBB6B5816EFC}.Debug|Any CPU.Build.0 = Debug|Any CPU
		{10644C4B-0049-4460-B68E-EBB6B5816EFC}.Release|Any CPU.ActiveCfg = Release|Any CPU
		{10644C4B-0049-4460-B68E-EBB6B5816EFC}.Release|Any CPU.Build.0 = Release|Any CPU
		{44B46B69-99C7-4843-9E08-A56BBF786548}.Debug|Any CPU.ActiveCfg = Debug|Any CPU
		{44B46B69-99C7-4843-9E08-A56BBF786548}.Debug|Any CPU.Build.0 = Debug|Any CPU
		{44B46B69-99C7-4843-9E08-A56BBF786548}.Release|Any CPU.ActiveCfg = Release|Any CPU
		{44B46B69-99C7-4843-9E08-A56BBF786548}.Release|Any CPU.Build.0 = Release|Any CPU
		{F092BBBB-2210-4CA1-A646-21ABD69271A6}.Debug|Any CPU.ActiveCfg = Debug|Any CPU
		{F092BBBB-2210-4CA1-A646-21ABD69271A6}.Debug|Any CPU.Build.0 = Debug|Any CPU
		{F092BBBB-2210-4CA1-A646-21ABD69271A6}.Release|Any CPU.ActiveCfg = Release|Any CPU
		{F092BBBB-2210-4CA1-A646-21ABD69271A6}.Release|Any CPU.Build.0 = Release|Any CPU
		{6A83BFEB-170D-444A-95BE-A32C15E8A8FC}.Debug|Any CPU.ActiveCfg = Debug|Any CPU
		{6A83BFEB-170D-444A-95BE-A32C15E8A8FC}.Debug|Any CPU.Build.0 = Debug|Any CPU
		{6A83BFEB-170D-444A-95BE-A32C15E8A8FC}.Release|Any CPU.ActiveCfg = Release|Any CPU
		{6A83BFEB-170D-444A-95BE-A32C15E8A8FC}.Release|Any CPU.Build.0 = Release|Any CPU
		{A12EE6C2-52F4-4A45-8FC4-836E30067E9E}.Debug|Any CPU.ActiveCfg = Debug|Any CPU
		{A12EE6C2-52F4-4A45-8FC4-836E30067E9E}.Debug|Any CPU.Build.0 = Debug|Any CPU
		{A12EE6C2-52F4-4A45-8FC4-836E30067E9E}.Release|Any CPU.ActiveCfg = Release|Any CPU
		{A12EE6C2-52F4-4A45-8FC4-836E30067E9E}.Release|Any CPU.Build.0 = Release|Any CPU
		{F50A64DB-0DBD-4E64-880A-CB51B5C33AB7}.Debug|Any CPU.ActiveCfg = Debug|Any CPU
		{F50A64DB-0DBD-4E64-880A-CB51B5C33AB7}.Debug|Any CPU.Build.0 = Debug|Any CPU
		{F50A64DB-0DBD-4E64-880A-CB51B5C33AB7}.Release|Any CPU.ActiveCfg = Release|Any CPU
		{F50A64DB-0DBD-4E64-880A-CB51B5C33AB7}.Release|Any CPU.Build.0 = Release|Any CPU
		{89EA7AA4-5298-4F8D-BB08-CD737A9A52B6}.Debug|Any CPU.ActiveCfg = Debug|Any CPU
		{89EA7AA4-5298-4F8D-BB08-CD737A9A52B6}.Debug|Any CPU.Build.0 = Debug|Any CPU
		{89EA7AA4-5298-4F8D-BB08-CD737A9A52B6}.Release|Any CPU.ActiveCfg = Release|Any CPU
		{89EA7AA4-5298-4F8D-BB08-CD737A9A52B6}.Release|Any CPU.Build.0 = Release|Any CPU
		{E14583F2-9538-4447-9777-E0D942A04153}.Debug|Any CPU.ActiveCfg = Debug|Any CPU
		{E14583F2-9538-4447-9777-E0D942A04153}.Debug|Any CPU.Build.0 = Debug|Any CPU
		{E14583F2-9538-4447-9777-E0D942A04153}.Release|Any CPU.ActiveCfg = Release|Any CPU
		{E14583F2-9538-4447-9777-E0D942A04153}.Release|Any CPU.Build.0 = Release|Any CPU
	EndGlobalSection
	GlobalSection(SolutionProperties) = preSolution
		HideSolutionNode = FALSE
	EndGlobalSection
	GlobalSection(ExtensibilityGlobals) = postSolution
		SolutionGuid = {8483CA14-21C1-47D9-BE3C-EC8CD87B7791}
	EndGlobalSection
EndGlobal
